// !$*UTF8*$!
{
	archiveVersion = 1;
	classes = {
	};
	objectVersion = 46;
	objects = {

/* Begin PBXBuildFile section */
		4B680B171F76018400782CCC /* main.m in Sources */ = {isa = PBXBuildFile; fileRef = 4B680B161F76018400782CCC /* main.m */; };
		4B680B1A1F76018400782CCC /* AppDelegate.m in Sources */ = {isa = PBXBuildFile; fileRef = 4B680B191F76018400782CCC /* AppDelegate.m */; };
		4B680B201F76018400782CCC /* Main.storyboard in Resources */ = {isa = PBXBuildFile; fileRef = 4B680B1E1F76018400782CCC /* Main.storyboard */; };
		4B680B221F76018400782CCC /* Assets.xcassets in Resources */ = {isa = PBXBuildFile; fileRef = 4B680B211F76018400782CCC /* Assets.xcassets */; };
		4B680B251F76018400782CCC /* LaunchScreen.storyboard in Resources */ = {isa = PBXBuildFile; fileRef = 4B680B231F76018400782CCC /* LaunchScreen.storyboard */; };
		4B680B411F76027C00782CCC /* SJTabBarController.m in Sources */ = {isa = PBXBuildFile; fileRef = 4B680B401F76027C00782CCC /* SJTabBarController.m */; };
		4B680B441F76029900782CCC /* SJNavigationController.m in Sources */ = {isa = PBXBuildFile; fileRef = 4B680B431F76029900782CCC /* SJNavigationController.m */; };
		4B680B471F7602BB00782CCC /* HomeController.m in Sources */ = {isa = PBXBuildFile; fileRef = 4B680B461F7602BB00782CCC /* HomeController.m */; };
		4B680B4A1F7602C700782CCC /* LoginController.m in Sources */ = {isa = PBXBuildFile; fileRef = 4B680B491F7602C700782CCC /* LoginController.m */; };
		4B680B4D1F7602D800782CCC /* UserController.m in Sources */ = {isa = PBXBuildFile; fileRef = 4B680B4C1F7602D800782CCC /* UserController.m */; };
		4B680B521F76031A00782CCC /* ClientController.m in Sources */ = {isa = PBXBuildFile; fileRef = 4B680B511F76031A00782CCC /* ClientController.m */; };
		4B680B561F763EA400782CCC /* SJTabBar.m in Sources */ = {isa = PBXBuildFile; fileRef = 4B680B551F763EA400782CCC /* SJTabBar.m */; };
/* End PBXBuildFile section */

/* Begin PBXFileReference section */
		4B680B121F76018400782CCC /* ViewControllerControlDemo.app */ = {isa = PBXFileReference; explicitFileType = wrapper.application; includeInIndex = 0; path = ViewControllerControlDemo.app; sourceTree = BUILT_PRODUCTS_DIR; };
		4B680B161F76018400782CCC /* main.m */ = {isa = PBXFileReference; lastKnownFileType = sourcecode.c.objc; path = main.m; sourceTree = "<group>"; };
		4B680B181F76018400782CCC /* AppDelegate.h */ = {isa = PBXFileReference; lastKnownFileType = sourcecode.c.h; path = AppDelegate.h; sourceTree = "<group>"; };
		4B680B191F76018400782CCC /* AppDelegate.m */ = {isa = PBXFileReference; lastKnownFileType = sourcecode.c.objc; path = AppDelegate.m; sourceTree = "<group>"; };
		4B680B1F1F76018400782CCC /* Base */ = {isa = PBXFileReference; lastKnownFileType = file.storyboard; name = Base; path = Base.lproj/Main.storyboard; sourceTree = "<group>"; };
		4B680B211F76018400782CCC /* Assets.xcassets */ = {isa = PBXFileReference; lastKnownFileType = folder.assetcatalog; path = Assets.xcassets; sourceTree = "<group>"; };
		4B680B241F76018400782CCC /* Base */ = {isa = PBXFileReference; lastKnownFileType = file.storyboard; name = Base; path = Base.lproj/LaunchScreen.storyboard; sourceTree = "<group>"; };
		4B680B261F76018400782CCC /* Info.plist */ = {isa = PBXFileReference; lastKnownFileType = text.plist.xml; path = Info.plist; sourceTree = "<group>"; };
		4B680B3F1F76027C00782CCC /* SJTabBarController.h */ = {isa = PBXFileReference; fileEncoding = 4; lastKnownFileType = sourcecode.c.h; path = SJTabBarController.h; sourceTree = "<group>"; };
		4B680B401F76027C00782CCC /* SJTabBarController.m */ = {isa = PBXFileReference; fileEncoding = 4; lastKnownFileType = sourcecode.c.objc; path = SJTabBarController.m; sourceTree = "<group>"; };
		4B680B421F76029900782CCC /* SJNavigationController.h */ = {isa = PBXFileReference; fileEncoding = 4; lastKnownFileType = sourcecode.c.h; path = SJNavigationController.h; sourceTree = "<group>"; };
		4B680B431F76029900782CCC /* SJNavigationController.m */ = {isa = PBXFileReference; fileEncoding = 4; lastKnownFileType = sourcecode.c.objc; path = SJNavigationController.m; sourceTree = "<group>"; };
		4B680B451F7602BB00782CCC /* HomeController.h */ = {isa = PBXFileReference; fileEncoding = 4; lastKnownFileType = sourcecode.c.h; path = HomeController.h; sourceTree = "<group>"; };
		4B680B461F7602BB00782CCC /* HomeController.m */ = {isa = PBXFileReference; fileEncoding = 4; lastKnownFileType = sourcecode.c.objc; path = HomeController.m; sourceTree = "<group>"; };
		4B680B481F7602C700782CCC /* LoginController.h */ = {isa = PBXFileReference; fileEncoding = 4; lastKnownFileType = sourcecode.c.h; path = LoginController.h; sourceTree = "<group>"; };
		4B680B491F7602C700782CCC /* LoginController.m */ = {isa = PBXFileReference; fileEncoding = 4; lastKnownFileType = sourcecode.c.objc; path = LoginController.m; sourceTree = "<group>"; };
		4B680B4B1F7602D800782CCC /* UserController.h */ = {isa = PBXFileReference; fileEncoding = 4; lastKnownFileType = sourcecode.c.h; path = UserController.h; sourceTree = "<group>"; };
		4B680B4C1F7602D800782CCC /* UserController.m */ = {isa = PBXFileReference; fileEncoding = 4; lastKnownFileType = sourcecode.c.objc; path = UserController.m; sourceTree = "<group>"; };
		4B680B501F76031A00782CCC /* ClientController.h */ = {isa = PBXFileReference; fileEncoding = 4; lastKnownFileType = sourcecode.c.h; path = ClientController.h; sourceTree = "<group>"; };
		4B680B511F76031A00782CCC /* ClientController.m */ = {isa = PBXFileReference; fileEncoding = 4; lastKnownFileType = sourcecode.c.objc; path = ClientController.m; sourceTree = "<group>"; };
		4B680B541F763EA400782CCC /* SJTabBar.h */ = {isa = PBXFileReference; fileEncoding = 4; lastKnownFileType = sourcecode.c.h; path = SJTabBar.h; sourceTree = "<group>"; };
		4B680B551F763EA400782CCC /* SJTabBar.m */ = {isa = PBXFileReference; fileEncoding = 4; lastKnownFileType = sourcecode.c.objc; path = SJTabBar.m; sourceTree = "<group>"; };
/* End PBXFileReference section */

/* Begin PBXFrameworksBuildPhase section */
		4B680B0F1F76018400782CCC /* Frameworks */ = {
			isa = PBXFrameworksBuildPhase;
			buildActionMask = 2147483647;
			files = (
			);
			runOnlyForDeploymentPostprocessing = 0;
		};
/* End PBXFrameworksBuildPhase section */

/* Begin PBXGroup section */
		4B680B091F76018400782CCC = {
			isa = PBXGroup;
			children = (
				4B680B141F76018400782CCC /* ViewControllerControlDemo */,
				4B680B131F76018400782CCC /* Products */,
			);
			sourceTree = "<group>";
		};
		4B680B131F76018400782CCC /* Products */ = {
			isa = PBXGroup;
			children = (
				4B680B121F76018400782CCC /* ViewControllerControlDemo.app */,
			);
			name = Products;
			sourceTree = "<group>";
		};
		4B680B141F76018400782CCC /* ViewControllerControlDemo */ = {
			isa = PBXGroup;
			children = (
				4B680B181F76018400782CCC /* AppDelegate.h */,
				4B680B191F76018400782CCC /* AppDelegate.m */,
				4B680B2C1F7601BA00782CCC /* Class */,
				4B680B1E1F76018400782CCC /* Main.storyboard */,
				4B680B211F76018400782CCC /* Assets.xcassets */,
				4B680B231F76018400782CCC /* LaunchScreen.storyboard */,
				4B680B261F76018400782CCC /* Info.plist */,
				4B680B151F76018400782CCC /* Supporting Files */,
			);
			path = ViewControllerControlDemo;
			sourceTree = "<group>";
		};
		4B680B151F76018400782CCC /* Supporting Files */ = {
			isa = PBXGroup;
			children = (
				4B680B161F76018400782CCC /* main.m */,
			);
			name = "Supporting Files";
			sourceTree = "<group>";
		};
		4B680B2C1F7601BA00782CCC /* Class */ = {
			isa = PBXGroup;
			children = (
				4B680B2D1F7601BA00782CCC /* Expand */,
				4B680B341F7601BA00782CCC /* General */,
				4B680B351F7601BA00782CCC /* Resource */,
				4B680B361F7601BA00782CCC /* Vendors */,
			);
			path = Class;
			sourceTree = "<group>";
		};
		4B680B2D1F7601BA00782CCC /* Expand */ = {
			isa = PBXGroup;
			children = (
				4B680B2E1F7601BA00782CCC /* Category */,
				4B680B2F1F7601BA00782CCC /* Custom */,
				4B680B301F7601BA00782CCC /* Extension */,
				4B680B311F7601BA00782CCC /* Macors */,
				4B680B321F7601BA00782CCC /* Network */,
				4B680B331F7601BA00782CCC /* Utils */,
			);
			path = Expand;
			sourceTree = "<group>";
		};
		4B680B2E1F7601BA00782CCC /* Category */ = {
			isa = PBXGroup;
			children = (
			);
			path = Category;
			sourceTree = "<group>";
		};
		4B680B2F1F7601BA00782CCC /* Custom */ = {
			isa = PBXGroup;
			children = (
			);
			path = Custom;
			sourceTree = "<group>";
		};
		4B680B301F7601BA00782CCC /* Extension */ = {
			isa = PBXGroup;
			children = (
			);
			path = Extension;
			sourceTree = "<group>";
		};
		4B680B311F7601BA00782CCC /* Macors */ = {
			isa = PBXGroup;
			children = (
			);
			path = Macors;
			sourceTree = "<group>";
		};
		4B680B321F7601BA00782CCC /* Network */ = {
			isa = PBXGroup;
			children = (
			);
			path = Network;
			sourceTree = "<group>";
		};
		4B680B331F7601BA00782CCC /* Utils */ = {
			isa = PBXGroup;
			children = (
			);
			path = Utils;
			sourceTree = "<group>";
		};
		4B680B341F7601BA00782CCC /* General */ = {
			isa = PBXGroup;
			children = (
				4B680B371F76024C00782CCC /* Base(基类) */,
				4B680B4E1F7602FD00782CCC /* Client(客服) */,
				4B680B391F76024C00782CCC /* Home(首页) */,
				4B680B3B1F76024C00782CCC /* Login(登录) */,
				4B680B3D1F76024C00782CCC /* User(用户) */,
			);
			path = General;
			sourceTree = "<group>";
		};
		4B680B351F7601BA00782CCC /* Resource */ = {
			isa = PBXGroup;
			children = (
			);
			path = Resource;
			sourceTree = "<group>";
		};
		4B680B361F7601BA00782CCC /* Vendors */ = {
			isa = PBXGroup;
			children = (
			);
			path = Vendors;
			sourceTree = "<group>";
		};
		4B680B371F76024C00782CCC /* Base(基类) */ = {
			isa = PBXGroup;
			children = (
				4B680B531F7634A900782CCC /* Views */,
				4B680B381F76024C00782CCC /* Controllers */,
			);
			path = "Base(基类)";
			sourceTree = "<group>";
		};
		4B680B381F76024C00782CCC /* Controllers */ = {
			isa = PBXGroup;
			children = (
				4B680B3F1F76027C00782CCC /* SJTabBarController.h */,
				4B680B401F76027C00782CCC /* SJTabBarController.m */,
				4B680B421F76029900782CCC /* SJNavigationController.h */,
				4B680B431F76029900782CCC /* SJNavigationController.m */,
			);
			path = Controllers;
			sourceTree = "<group>";
		};
		4B680B391F76024C00782CCC /* Home(首页) */ = {
			isa = PBXGroup;
			children = (
				4B680B3A1F76024C00782CCC /* Controllers */,
			);
			path = "Home(首页)";
			sourceTree = "<group>";
		};
		4B680B3A1F76024C00782CCC /* Controllers */ = {
			isa = PBXGroup;
			children = (
				4B680B451F7602BB00782CCC /* HomeController.h */,
				4B680B461F7602BB00782CCC /* HomeController.m */,
			);
			path = Controllers;
			sourceTree = "<group>";
		};
		4B680B3B1F76024C00782CCC /* Login(登录) */ = {
			isa = PBXGroup;
			children = (
				4B680B3C1F76024C00782CCC /* Controllers */,
			);
			path = "Login(登录)";
			sourceTree = "<group>";
		};
		4B680B3C1F76024C00782CCC /* Controllers */ = {
			isa = PBXGroup;
			children = (
				4B680B481F7602C700782CCC /* LoginController.h */,
				4B680B491F7602C700782CCC /* LoginController.m */,
			);
			path = Controllers;
			sourceTree = "<group>";
		};
		4B680B3D1F76024C00782CCC /* User(用户) */ = {
			isa = PBXGroup;
			children = (
				4B680B3E1F76024C00782CCC /* Controllers */,
			);
			path = "User(用户)";
			sourceTree = "<group>";
		};
		4B680B3E1F76024C00782CCC /* Controllers */ = {
			isa = PBXGroup;
			children = (
				4B680B4B1F7602D800782CCC /* UserController.h */,
				4B680B4C1F7602D800782CCC /* UserController.m */,
			);
			path = Controllers;
			sourceTree = "<group>";
		};
		4B680B4E1F7602FD00782CCC /* Client(客服) */ = {
			isa = PBXGroup;
			children = (
				4B680B4F1F76030F00782CCC /* Controllers */,
			);
			path = "Client(客服)";
			sourceTree = "<group>";
		};
		4B680B4F1F76030F00782CCC /* Controllers */ = {
			isa = PBXGroup;
			children = (
				4B680B501F76031A00782CCC /* ClientController.h */,
				4B680B511F76031A00782CCC /* ClientController.m */,
			);
			path = Controllers;
			sourceTree = "<group>";
		};
		4B680B531F7634A900782CCC /* Views */ = {
			isa = PBXGroup;
			children = (
				4B680B541F763EA400782CCC /* SJTabBar.h */,
				4B680B551F763EA400782CCC /* SJTabBar.m */,
			);
			path = Views;
			sourceTree = "<group>";
		};
/* End PBXGroup section */

/* Begin PBXNativeTarget section */
		4B680B111F76018400782CCC /* ViewControllerControlDemo */ = {
			isa = PBXNativeTarget;
			buildConfigurationList = 4B680B291F76018400782CCC /* Build configuration list for PBXNativeTarget "ViewControllerControlDemo" */;
			buildPhases = (
				4B680B0E1F76018400782CCC /* Sources */,
				4B680B0F1F76018400782CCC /* Frameworks */,
				4B680B101F76018400782CCC /* Resources */,
			);
			buildRules = (
			);
			dependencies = (
			);
			name = ViewControllerControlDemo;
			productName = ViewControllerControlDemo;
			productReference = 4B680B121F76018400782CCC /* ViewControllerControlDemo.app */;
			productType = "com.apple.product-type.application";
		};
/* End PBXNativeTarget section */

/* Begin PBXProject section */
		4B680B0A1F76018400782CCC /* Project object */ = {
			isa = PBXProject;
			attributes = {
				LastUpgradeCheck = 0800;
				ORGANIZATIONNAME = S.J;
				TargetAttributes = {
					4B680B111F76018400782CCC = {
						CreatedOnToolsVersion = 8.0;
						DevelopmentTeam = A3528Q8DDD;
						ProvisioningStyle = Automatic;
					};
				};
			};
			buildConfigurationList = 4B680B0D1F76018400782CCC /* Build configuration list for PBXProject "ViewControllerControlDemo" */;
			compatibilityVersion = "Xcode 3.2";
			developmentRegion = English;
			hasScannedForEncodings = 0;
			knownRegions = (
				en,
				Base,
			);
			mainGroup = 4B680B091F76018400782CCC;
			productRefGroup = 4B680B131F76018400782CCC /* Products */;
			projectDirPath = "";
			projectRoot = "";
			targets = (
				4B680B111F76018400782CCC /* ViewControllerControlDemo */,
			);
		};
/* End PBXProject section */

/* Begin PBXResourcesBuildPhase section */
		4B680B101F76018400782CCC /* Resources */ = {
			isa = PBXResourcesBuildPhase;
			buildActionMask = 2147483647;
			files = (
				4B680B251F76018400782CCC /* LaunchScreen.storyboard in Resources */,
				4B680B221F76018400782CCC /* Assets.xcassets in Resources */,
				4B680B201F76018400782CCC /* Main.storyboard in Resources */,
			);
			runOnlyForDeploymentPostprocessing = 0;
		};
/* End PBXResourcesBuildPhase section */

/* Begin PBXSourcesBuildPhase section */
		4B680B0E1F76018400782CCC /* Sources */ = {
			isa = PBXSourcesBuildPhase;
			buildActionMask = 2147483647;
			files = (
				4B680B521F76031A00782CCC /* ClientController.m in Sources */,
				4B680B441F76029900782CCC /* SJNavigationController.m in Sources */,
				4B680B4D1F7602D800782CCC /* UserController.m in Sources */,
				4B680B1A1F76018400782CCC /* AppDelegate.m in Sources */,
				4B680B171F76018400782CCC /* main.m in Sources */,
				4B680B471F7602BB00782CCC /* HomeController.m in Sources */,
				4B680B411F76027C00782CCC /* SJTabBarController.m in Sources */,
				4B680B561F763EA400782CCC /* SJTabBar.m in Sources */,
				4B680B4A1F7602C700782CCC /* LoginController.m in Sources */,
			);
			runOnlyForDeploymentPostprocessing = 0;
		};
/* End PBXSourcesBuildPhase section */

/* Begin PBXVariantGroup section */
		4B680B1E1F76018400782CCC /* Main.storyboard */ = {
			isa = PBXVariantGroup;
			children = (
				4B680B1F1F76018400782CCC /* Base */,
			);
			name = Main.storyboard;
			sourceTree = "<group>";
		};
		4B680B231F76018400782CCC /* LaunchScreen.storyboard */ = {
			isa = PBXVariantGroup;
			children = (
				4B680B241F76018400782CCC /* Base */,
			);
			name = LaunchScreen.storyboard;
			sourceTree = "<group>";
		};
/* End PBXVariantGroup section */

/* Begin XCBuildConfiguration section */
		4B680B271F76018400782CCC /* Debug */ = {
			isa = XCBuildConfiguration;
			buildSettings = {
				ALWAYS_SEARCH_USER_PATHS = NO;
				CLANG_ANALYZER_NONNULL = YES;
				CLANG_CXX_LANGUAGE_STANDARD = "gnu++0x";
				CLANG_CXX_LIBRARY = "libc++";
				CLANG_ENABLE_MODULES = YES;
				CLANG_ENABLE_OBJC_ARC = YES;
				CLANG_WARN_BOOL_CONVERSION = YES;
				CLANG_WARN_CONSTANT_CONVERSION = YES;
				CLANG_WARN_DIRECT_OBJC_ISA_USAGE = YES_ERROR;
				CLANG_WARN_DOCUMENTATION_COMMENTS = YES;
				CLANG_WARN_EMPTY_BODY = YES;
				CLANG_WARN_ENUM_CONVERSION = YES;
				CLANG_WARN_INFINITE_RECURSION = YES;
				CLANG_WARN_INT_CONVERSION = YES;
				CLANG_WARN_OBJC_ROOT_CLASS = YES_ERROR;
				CLANG_WARN_SUSPICIOUS_MOVES = YES;
				CLANG_WARN_UNREACHABLE_CODE = YES;
				CLANG_WARN__DUPLICATE_METHOD_MATCH = YES;
				"CODE_SIGN_IDENTITY[sdk=iphoneos*]" = "iPhone Developer";
				COPY_PHASE_STRIP = NO;
				DEBUG_INFORMATION_FORMAT = dwarf;
				ENABLE_STRICT_OBJC_MSGSEND = YES;
				ENABLE_TESTABILITY = YES;
				GCC_C_LANGUAGE_STANDARD = gnu99;
				GCC_DYNAMIC_NO_PIC = NO;
				GCC_NO_COMMON_BLOCKS = YES;
				GCC_OPTIMIZATION_LEVEL = 0;
				GCC_PREPROCESSOR_DEFINITIONS = (
					"DEBUG=1",
					"$(inherited)",
				);
				GCC_WARN_64_TO_32_BIT_CONVERSION = YES;
				GCC_WARN_ABOUT_RETURN_TYPE = YES_ERROR;
				GCC_WARN_UNDECLARED_SELECTOR = YES;
				GCC_WARN_UNINITIALIZED_AUTOS = YES_AGGRESSIVE;
				GCC_WARN_UNUSED_FUNCTION = YES;
				GCC_WARN_UNUSED_VARIABLE = YES;
				IPHONEOS_DEPLOYMENT_TARGET = 10.0;
				MTL_ENABLE_DEBUG_INFO = YES;
				ONLY_ACTIVE_ARCH = YES;
				SDKROOT = iphoneos;
			};
			name = Debug;
		};
		4B680B281F76018400782CCC /* Release */ = {
			isa = XCBuildConfiguration;
			buildSettings = {
				ALWAYS_SEARCH_USER_PATHS = NO;
				CLANG_ANALYZER_NONNULL = YES;
				CLANG_CXX_LANGUAGE_STANDARD = "gnu++0x";
				CLANG_CXX_LIBRARY = "libc++";
				CLANG_ENABLE_MODULES = YES;
				CLANG_ENABLE_OBJC_ARC = YES;
				CLANG_WARN_BOOL_CONVERSION = YES;
				CLANG_WARN_CONSTANT_CONVERSION = YES;
				CLANG_WARN_DIRECT_OBJC_ISA_USAGE = YES_ERROR;
				CLANG_WARN_DOCUMENTATION_COMMENTS = YES;
				CLANG_WARN_EMPTY_BODY = YES;
				CLANG_WARN_ENUM_CONVERSION = YES;
				CLANG_WARN_INFINITE_RECURSION = YES;
				CLANG_WARN_INT_CONVERSION = YES;
				CLANG_WARN_OBJC_ROOT_CLASS = YES_ERROR;
				CLANG_WARN_SUSPICIOUS_MOVES = YES;
				CLANG_WARN_UNREACHABLE_CODE = YES;
				CLANG_WARN__DUPLICATE_METHOD_MATCH = YES;
				"CODE_SIGN_IDENTITY[sdk=iphoneos*]" = "iPhone Developer";
				COPY_PHASE_STRIP = NO;
				DEBUG_INFORMATION_FORMAT = "dwarf-with-dsym";
				ENABLE_NS_ASSERTIONS = NO;
				ENABLE_STRICT_OBJC_MSGSEND = YES;
				GCC_C_LANGUAGE_STANDARD = gnu99;
				GCC_NO_COMMON_BLOCKS = YES;
				GCC_WARN_64_TO_32_BIT_CONVERSION = YES;
				GCC_WARN_ABOUT_RETURN_TYPE = YES_ERROR;
				GCC_WARN_UNDECLARED_SELECTOR = YES;
				GCC_WARN_UNINITIALIZED_AUTOS = YES_AGGRESSIVE;
				GCC_WARN_UNUSED_FUNCTION = YES;
				GCC_WARN_UNUSED_VARIABLE = YES;
				IPHONEOS_DEPLOYMENT_TARGET = 10.0;
				MTL_ENABLE_DEBUG_INFO = NO;
				SDKROOT = iphoneos;
				VALIDATE_PRODUCT = YES;
			};
			name = Release;
		};
		4B680B2A1F76018400782CCC /* Debug */ = {
			isa = XCBuildConfiguration;
			buildSettings = {
				ASSETCATALOG_COMPILER_APPICON_NAME = AppIcon;
				DEVELOPMENT_TEAM = A3528Q8DDD;
				INFOPLIST_FILE = ViewControllerControlDemo/Info.plist;
				LD_RUNPATH_SEARCH_PATHS = "$(inherited) @executable_path/Frameworks";
				PRODUCT_BUNDLE_IDENTIFIER = com.jaesun.com.ViewControllerControlDemo;
				PRODUCT_NAME = "$(TARGET_NAME)";
			};
			name = Debug;
		};
		4B680B2B1F76018400782CCC /* Release */ = {
			isa = XCBuildConfiguration;
			buildSettings = {
				ASSETCATALOG_COMPILER_APPICON_NAME = AppIcon;
				DEVELOPMENT_TEAM = A3528Q8DDD;
				INFOPLIST_FILE = ViewControllerControlDemo/Info.plist;
				LD_RUNPATH_SEARCH_PATHS = "$(inherited) @executable_path/Frameworks";
				PRODUCT_BUNDLE_IDENTIFIER = com.jaesun.com.ViewControllerControlDemo;
				PRODUCT_NAME = "$(TARGET_NAME)";
			};
			name = Release;
		};
/* End XCBuildConfiguration section */

/* Begin XCConfigurationList section */
		4B680B0D1F76018400782CCC /* Build configuration list for PBXProject "ViewControllerControlDemo" */ = {
			isa = XCConfigurationList;
			buildConfigurations = (
				4B680B271F76018400782CCC /* Debug */,
				4B680B281F76018400782CCC /* Release */,
			);
			defaultConfigurationIsVisible = 0;
			defaultConfigurationName = Release;
		};
		4B680B291F76018400782CCC /* Build configuration list for PBXNativeTarget "ViewControllerControlDemo" */ = {
			isa = XCConfigurationList;
			buildConfigurations = (
				4B680B2A1F76018400782CCC /* Debug */,
				4B680B2B1F76018400782CCC /* Release */,
			);
			defaultConfigurationIsVisible = 0;
			defaultConfigurationName = Release;
		};
/* End XCConfigurationList section */
	};
	rootObject = 4B680B0A1F76018400782CCC /* Project object */;
}
